Microsoft Visual Studio Solution File, Format Version 12.00
# Visual Studio Version 17
VisualStudioVersion = 17.5.2.0
MinimumVisualStudioVersion = 10.0.40219.1
Project("{FAE04EC0-301F-11D3-BF4B-00C04F79EFBC}") = "NaimaBeauty", "NaimaBeauty.csproj", "{774E9CC2-509A-AFE9-98BC-5020CA0BCB36}"
EndProject
Global
	GlobalSection(SolutionConfigurationPlatforms) = preSolution
		Debug|Any CPU = Debug|Any CPU
		Release|Any CPU = Release|Any CPU
	EndGlobalSection
	GlobalSection(ProjectConfigurationPlatforms) = postSolution
		{774E9CC2-509A-AFE9-98BC-5020CA0BCB36}.Debug|Any CPU.ActiveCfg = Debug|Any CPU
		{774E9CC2-509A-AFE9-98BC-5020CA0BCB36}.Debug|Any CPU.Build.0 = Debug|Any CPU
		{774E9CC2-509A-AFE9-98BC-5020CA0BCB36}.Release|Any CPU.ActiveCfg = Release|Any CPU
		{774E9CC2-509A-AFE9-98BC-5020CA0BCB36}.Release|Any CPU.Build.0 = Release|Any CPU
	EndGlobalSection
	GlobalSection(SolutionProperties) = preSolution
		HideSolutionNode = FALSE
	EndGlobalSection
	GlobalSection(ExtensibilityGlobals) = postSolution
		SolutionGuid = {0973647C-A55E-4AE6-8B8B-23F1CDCC334B}
	EndGlobalSection
EndGlobal
